
Microsoft Visual Studio Solution File, Format Version 12.00
# Visual Studio Version 17
VisualStudioVersion = 17.4.33103.184
MinimumVisualStudioVersion = 10.0.40219.1
Project("{FAE04EC0-301F-11D3-BF4B-00C04F79EFBC}") = "WebPubSubServer", "WebPubSubServer\WebPubSubServer.csproj", "{1CB3676F-E75F-489D-9DB9-4E8E0D243FF6}"
EndProject
Global
	GlobalSection(SolutionConfigurationPlatforms) = preSolution
		Debug|Any CPU = Debug|Any CPU
		Release|Any CPU = Release|Any CPU
	EndGlobalSection
	GlobalSection(ProjectConfigurationPlatforms) = postSolution
		{1CB3676F-E75F-489D-9DB9-4E8E0D243FF6}.Debug|Any CPU.ActiveCfg = Debug|Any CPU
		{1CB3676F-E75F-489D-9DB9-4E8E0D243FF6}.Debug|Any CPU.Build.0 = Debug|Any CPU
		{1CB3676F-E75F-489D-9DB9-4E8E0D243FF6}.Release|Any CPU.ActiveCfg = Release|Any CPU
		{1CB3676F-E75F-489D-9DB9-4E8E0D243FF6}.Release|Any CPU.Build.0 = Release|Any CPU
	EndGlobalSection
	GlobalSection(SolutionProperties) = preSolution
		HideSolutionNode = FALSE
	EndGlobalSection
	GlobalSection(ExtensibilityGlobals) = postSolution
		SolutionGuid = {1286C854-D83B-4113-ABE7-2E30F527AF9D}
	EndGlobalSection
EndGlobal
